
Microsoft Visual Studio Solution File, Format Version 12.00
# Visual Studio 14
VisualStudioVersion = 14.0.24720.0
MinimumVisualStudioVersion = 10.0.40219.1
Project("{FAE04EC0-301F-11D3-BF4B-00C04F79EFBC}") = "InventoryHawk.Account.Public.Api", "InventoryHawk.Account.Public.Api\InventoryHawk.Account.Public.Api.csproj", "{DC8EAFE1-532C-41CD-BD52-B2EB258414D3}"
EndProject
Global
	GlobalSection(SolutionConfigurationPlatforms) = preSolution
		Debug|Any CPU = Debug|Any CPU
		Release|Any CPU = Release|Any CPU
		Stage|Any CPU = Stage|Any CPU
	EndGlobalSection
	GlobalSection(ProjectConfigurationPlatforms) = postSolution
		{DC8EAFE1-532C-41CD-BD52-B2EB258414D3}.Debug|Any CPU.ActiveCfg = Debug|Any CPU
		{DC8EAFE1-532C-41CD-BD52-B2EB258414D3}.Debug|Any CPU.Build.0 = Debug|Any CPU
		{DC8EAFE1-532C-41CD-BD52-B2EB258414D3}.Release|Any CPU.ActiveCfg = Release|Any CPU
		{DC8EAFE1-532C-41CD-BD52-B2EB258414D3}.Release|Any CPU.Build.0 = Release|Any CPU
		{DC8EAFE1-532C-41CD-BD52-B2EB258414D3}.Stage|Any CPU.ActiveCfg = Stage|Any CPU
		{DC8EAFE1-532C-41CD-BD52-B2EB258414D3}.Stage|Any CPU.Build.0 = Stage|Any CPU
	EndGlobalSection
	GlobalSection(SolutionProperties) = preSolution
		HideSolutionNode = FALSE
	EndGlobalSection
EndGlobal
